
Microsoft Visual Studio Solution File, Format Version 12.00
# Visual Studio Version 17
VisualStudioVersion = 17.3.32922.545
MinimumVisualStudioVersion = 10.0.40219.1
Project("{FAE04EC0-301F-11D3-BF4B-00C04F79EFBC}") = "SimpleDownloadList", "SimpleDownloadList\SimpleDownloadList.csproj", "{C9C2B4DA-F620-42B5-9669-A219B51197F7}"
EndProject
Global
	GlobalSection(SolutionConfigurationPlatforms) = preSolution
		Debug|Any CPU = Debug|Any CPU
		Release|Any CPU = Release|Any CPU
	EndGlobalSection
	GlobalSection(ProjectConfigurationPlatforms) = postSolution
		{C9C2B4DA-F620-42B5-9669-A219B51197F7}.Debug|Any CPU.ActiveCfg = Debug|Any CPU
		{C9C2B4DA-F620-42B5-9669-A219B51197F7}.Debug|Any CPU.Build.0 = Debug|Any CPU
		{C9C2B4DA-F620-42B5-9669-A219B51197F7}.Release|Any CPU.ActiveCfg = Release|Any CPU
		{C9C2B4DA-F620-42B5-9669-A219B51197F7}.Release|Any CPU.Build.0 = Release|Any CPU
	EndGlobalSection
	GlobalSection(SolutionProperties) = preSolution
		HideSolutionNode = FALSE
	EndGlobalSection
	GlobalSection(ExtensibilityGlobals) = postSolution
		SolutionGuid = {72664CE1-2EA6-4161-B331-494B385B22AD}
	EndGlobalSection
EndGlobal
